
Microsoft Visual Studio Solution File, Format Version 12.00
Project("{FAE04EC0-301F-11D3-BF4B-00C04F79EFBC}") = "Word Counter", "Word Counter\Word Counter.csproj", "{A4DE0CEB-6C56-4895-A406-355AF337C3BA}"
EndProject
Global
	GlobalSection(SolutionConfigurationPlatforms) = preSolution
		Debug|Any CPU = Debug|Any CPU
		Release|Any CPU = Release|Any CPU
	EndGlobalSection
	GlobalSection(ProjectConfigurationPlatforms) = postSolution
		{A4DE0CEB-6C56-4895-A406-355AF337C3BA}.Debug|Any CPU.ActiveCfg = Debug|Any CPU
		{A4DE0CEB-6C56-4895-A406-355AF337C3BA}.Debug|Any CPU.Build.0 = Debug|Any CPU
		{A4DE0CEB-6C56-4895-A406-355AF337C3BA}.Release|Any CPU.ActiveCfg = Release|Any CPU
		{A4DE0CEB-6C56-4895-A406-355AF337C3BA}.Release|Any CPU.Build.0 = Release|Any CPU
	EndGlobalSection
EndGlobal
